<?xml version="1.0" encoding="utf-8"?>
<Project ToolsVersion="4.0" xmlns="http://schemas.microsoft.com/developer/msbuild/2003">
  <ItemGroup>
    <Filter Include="Source Files">
      <UniqueIdentifier>{4FC737F1-C7A5-4376-A066-2A32D752A2FF}</UniqueIdentifier>
      <Extensions>cpp;c;cc;cxx;def;odl;idl;hpj;bat;asm;asmx</Extensions>
    </Filter>
    <Filter Include="Header Files">
      <UniqueIdentifier>{93995380-89BD-4b04-88EB-625FBE52EBFB}</UniqueIdentifier>
      <Extensions>h;hh;hpp;hxx;hm;inl;inc;ipp;xsd</Extensions>
    </Filter>
    <Filter Include="UI">
      <UniqueIdentifier>{77af6b45-aa8b-413a-a4c0-791a308ece11}</UniqueIdentifier>
    </Filter>
    <Filter Include="Screens">
      <UniqueIdentifier>{d3223562-1b49-4940-b920-e8219c1e4cf3}</UniqueIdentifier>
    </Filter>
    <Filter Include="EventSystem">
      <UniqueIdentifier>{09d6b8a4-8729-498f-af26-c82092e75d39}</UniqueIdentifier>
    </Filter>
    <Filter Include="ChatSystem">
      <UniqueIdentifier>{14058585-1f91-4710-81ca-f9f23bda3eab}</UniqueIdentifier>
    </Filter>
  </ItemGroup>
  <ItemGroup>
    <ClCompile Include="main.cpp">
      <Filter>Source Files</Filter>
    </ClCompile>
    <ClCompile Include="UI_MenuOption.cpp">
      <Filter>UI</Filter>
    </ClCompile>
    <ClCompile Include="TitleScreen.cpp">
      <Filter>Screens</Filter>
    </ClCompile>
    <ClCompile Include="MainMenuScreen.cpp">
      <Filter>Screens</Filter>
    </ClCompile>
    <ClCompile Include="Game.cpp">
      <Filter>Source Files</Filter>
    </ClCompile>
    <ClCompile Include="Dispatcher.cpp">
      <Filter>EventSystem</Filter>
    </ClCompile>
    <ClCompile Include="TextRender.cpp">
      <Filter>Source Files</Filter>
    </ClCompile>
    <ClCompile Include="GameScreen.cpp">
      <Filter>Screens</Filter>
    </ClCompile>
    <ClCompile Include="GlobalChat.cpp">
      <Filter>ChatSystem</Filter>
    </ClCompile>
    <ClCompile Include="ChatMessage.cpp">
      <Filter>Source Files</Filter>
    </ClCompile>
    <ClCompile Include="UI_Text.cpp">
      <Filter>UI</Filter>
    </ClCompile>
    <ClCompile Include="UI_TextInput.cpp">
      <Filter>UI</Filter>
    </ClCompile>
    <ClCompile Include="UI_Chatbox.cpp">
      <Filter>UI</Filter>
    </ClCompile>
  </ItemGroup>
  <ItemGroup>
    <ClInclude Include="UI_MenuOption.h">
      <Filter>UI</Filter>
    </ClInclude>
    <ClInclude Include="Screen.h">
      <Filter>Screens</Filter>
    </ClInclude>
    <ClInclude Include="MainMenuScreen.h">
      <Filter>Screens</Filter>
    </ClInclude>
    <ClInclude Include="TitleScreen.h">
      <Filter>Screens</Filter>
    </ClInclude>
    <ClInclude Include="UI_Element.h">
      <Filter>UI</Filter>
    </ClInclude>
    <ClInclude Include="Game.h">
      <Filter>Header Files</Filter>
    </ClInclude>
    <ClInclude Include="Dispatcher.h">
      <Filter>EventSystem</Filter>
    </ClInclude>
    <ClInclude Include="Listener.h">
      <Filter>EventSystem</Filter>
    </ClInclude>
    <ClInclude Include="TextRender.h">
      <Filter>Header Files</Filter>
    </ClInclude>
    <ClInclude Include="GameScreen.h">
      <Filter>Screens</Filter>
    </ClInclude>
    <ClInclude Include="GameEvent.h">
      <Filter>EventSystem</Filter>
    </ClInclude>
    <ClInclude Include="GlobalChat.h">
      <Filter>ChatSystem</Filter>
    </ClInclude>
    <ClInclude Include="ChatMessage.h">
      <Filter>Header Files</Filter>
    </ClInclude>
    <ClInclude Include="UI_Text.h">
      <Filter>UI</Filter>
    </ClInclude>
    <ClInclude Include="UI_TextInput.h">
      <Filter>UI</Filter>
    </ClInclude>
    <ClInclude Include="UI_VerticalList.h">
      <Filter>UI</Filter>
    </ClInclude>
    <ClInclude Include="UI_Chatbox.h">
      <Filter>UI</Filter>
    </ClInclude>
  </ItemGroup>
  <ItemGroup>
    <Text Include="MWMUD_README.txt" />
  </ItemGroup>
</Project>